
Microsoft Visual Studio Solution File, Format Version 12.00
# Visual Studio Version 17
VisualStudioVersion = 17.7.34221.43
MinimumVisualStudioVersion = 10.0.40219.1
Project("{FAE04EC0-301F-11D3-BF4B-00C04F79EFBC}") = "RubikCube.UI", "RubikCube.UI\RubikCube.UI.csproj", "{D2CB56CB-D39E-49B4-90E4-115D3772435D}"
EndProject
Project("{FAE04EC0-301F-11D3-BF4B-00C04F79EFBC}") = "RubikCube.Solver", "RubikCube.Solver\RubikCube.Solver.csproj", "{8AF6CA80-438D-4A0F-8C30-57A4EFBE47F1}"
EndProject
Global
	GlobalSection(SolutionConfigurationPlatforms) = preSolution
		Debug|Any CPU = Debug|Any CPU
		Release|Any CPU = Release|Any CPU
	EndGlobalSection
	GlobalSection(ProjectConfigurationPlatforms) = postSolution
		{D2CB56CB-D39E-49B4-90E4-115D3772435D}.Debug|Any CPU.ActiveCfg = Debug|Any CPU
		{D2CB56CB-D39E-49B4-90E4-115D3772435D}.Debug|Any CPU.Build.0 = Debug|Any CPU
		{D2CB56CB-D39E-49B4-90E4-115D3772435D}.Release|Any CPU.ActiveCfg = Release|Any CPU
		{D2CB56CB-D39E-49B4-90E4-115D3772435D}.Release|Any CPU.Build.0 = Release|Any CPU
		{8AF6CA80-438D-4A0F-8C30-57A4EFBE47F1}.Debug|Any CPU.ActiveCfg = Debug|Any CPU
		{8AF6CA80-438D-4A0F-8C30-57A4EFBE47F1}.Debug|Any CPU.Build.0 = Debug|Any CPU
		{8AF6CA80-438D-4A0F-8C30-57A4EFBE47F1}.Release|Any CPU.ActiveCfg = Release|Any CPU
		{8AF6CA80-438D-4A0F-8C30-57A4EFBE47F1}.Release|Any CPU.Build.0 = Release|Any CPU
	EndGlobalSection
	GlobalSection(SolutionProperties) = preSolution
		HideSolutionNode = FALSE
	EndGlobalSection
	GlobalSection(ExtensibilityGlobals) = postSolution
		SolutionGuid = {F83766A9-20FD-4557-9EED-191EA44B43FD}
	EndGlobalSection
EndGlobal
